
Microsoft Visual Studio Solution File, Format Version 12.00
# Visual Studio 15
VisualStudioVersion = 15.0.26730.16
MinimumVisualStudioVersion = 10.0.40219.1
Project("{FAE04EC0-301F-11D3-BF4B-00C04F79EFBC}") = "RxExampleXamarinForms.Android", "RxExampleXamarinForms\RxExampleXamarinForms.Android\RxExampleXamarinForms.Android.csproj", "{C534174C-3873-46A3-8DFE-322884A634EE}"
EndProject
Project("{FAE04EC0-301F-11D3-BF4B-00C04F79EFBC}") = "RxExampleXamarinForms", "RxExampleXamarinForms\RxExampleXamarinForms\RxExampleXamarinForms.csproj", "{6C4978CE-B771-4308-849D-E342141F119C}"
EndProject
Project("{FAE04EC0-301F-11D3-BF4B-00C04F79EFBC}") = "RxExampleXamarinForms.UWP", "RxExampleXamarinForms\RxExampleXamarinForms.UWP\RxExampleXamarinForms.UWP.csproj", "{77D5076C-A12D-4589-A6E9-D784DFCAF0E4}"
EndProject
Project("{FAE04EC0-301F-11D3-BF4B-00C04F79EFBC}") = "RxExampleXamarinForms.iOS", "RxExampleXamarinForms\RxExampleXamarinForms.iOS\RxExampleXamarinForms.iOS.csproj", "{899A7E88-7CE8-4C99-97DC-19FD796F2305}"
EndProject
Global
	GlobalSection(SolutionConfigurationPlatforms) = preSolution
		Ad-Hoc|Any CPU = Ad-Hoc|Any CPU
		Ad-Hoc|ARM = Ad-Hoc|ARM
		Ad-Hoc|iPhone = Ad-Hoc|iPhone
		Ad-Hoc|iPhoneSimulator = Ad-Hoc|iPhoneSimulator
		Ad-Hoc|x64 = Ad-Hoc|x64
		Ad-Hoc|x86 = Ad-Hoc|x86
		AppStore|Any CPU = AppStore|Any CPU
		AppStore|ARM = AppStore|ARM
		AppStore|iPhone = AppStore|iPhone
		AppStore|iPhoneSimulator = AppStore|iPhoneSimulator
		AppStore|x64 = AppStore|x64
		AppStore|x86 = AppStore|x86
		Debug|Any CPU = Debug|Any CPU
		Debug|ARM = Debug|ARM
		Debug|iPhone = Debug|iPhone
		Debug|iPhoneSimulator = Debug|iPhoneSimulator
		Debug|x64 = Debug|x64
		Debug|x86 = Debug|x86
		Debug2|Any CPU = Debug2|Any CPU
		Debug2|ARM = Debug2|ARM
		Debug2|iPhone = Debug2|iPhone
		Debug2|iPhoneSimulator = Debug2|iPhoneSimulator
		Debug2|x64 = Debug2|x64
		Debug2|x86 = Debug2|x86
		Release|Any CPU = Release|Any CPU
		Release|ARM = Release|ARM
		Release|iPhone = Release|iPhone
		Release|iPhoneSimulator = Release|iPhoneSimulator
		Release|x64 = Release|x64
		Release|x86 = Release|x86
	EndGlobalSection
	GlobalSection(ProjectConfigurationPlatforms) = postSolution
		{C534174C-3873-46A3-8DFE-322884A634EE}.Ad-Hoc|Any CPU.ActiveCfg = Release|Any CPU
		{C534174C-3873-46A3-8DFE-322884A634EE}.Ad-Hoc|Any CPU.Build.0 = Release|Any CPU
		{C534174C-3873-46A3-8DFE-322884A634EE}.Ad-Hoc|Any CPU.Deploy.0 = Release|Any CPU
		{C534174C-3873-46A3-8DFE-322884A634EE}.Ad-Hoc|ARM.ActiveCfg = Release|Any CPU
		{C534174C-3873-46A3-8DFE-322884A634EE}.Ad-Hoc|ARM.Build.0 = Release|Any CPU
		{C534174C-3873-46A3-8DFE-322884A634EE}.Ad-Hoc|ARM.Deploy.0 = Release|Any CPU
		{C534174C-3873-46A3-8DFE-322884A634EE}.Ad-Hoc|iPhone.ActiveCfg = Release|Any CPU
		{C534174C-3873-46A3-8DFE-322884A634EE}.Ad-Hoc|iPhone.Build.0 = Release|Any CPU
		{C534174C-3873-46A3-8DFE-322884A634EE}.Ad-Hoc|iPhone.Deploy.0 = Release|Any CPU
		{C534174C-3873-46A3-8DFE-322884A634EE}.Ad-Hoc|iPhoneSimulator.ActiveCfg = Release|Any CPU
		{C534174C-3873-46A3-8DFE-322884A634EE}.Ad-Hoc|iPhoneSimulator.Build.0 = Release|Any CPU
		{C534174C-3873-46A3-8DFE-322884A634EE}.Ad-Hoc|iPhoneSimulator.Deploy.0 = Release|Any CPU
		{C534174C-3873-46A3-8DFE-322884A634EE}.Ad-Hoc|x64.ActiveCfg = Release|Any CPU
		{C534174C-3873-46A3-8DFE-322884A634EE}.Ad-Hoc|x64.Build.0 = Release|Any CPU
		{C534174C-3873-46A3-8DFE-322884A634EE}.Ad-Hoc|x64.Deploy.0 = Release|Any CPU
		{C534174C-3873-46A3-8DFE-322884A634EE}.Ad-Hoc|x86.ActiveCfg = Release|Any CPU
		{C534174C-3873-46A3-8DFE-322884A634EE}.Ad-Hoc|x86.Build.0 = Release|Any CPU
		{C534174C-3873-46A3-8DFE-322884A634EE}.Ad-Hoc|x86.Deploy.0 = Release|Any CPU
		{C534174C-3873-46A3-8DFE-322884A634EE}.AppStore|Any CPU.ActiveCfg = Release|Any CPU
		{C534174C-3873-46A3-8DFE-322884A634EE}.AppStore|Any CPU.Build.0 = Release|Any CPU
		{C534174C-3873-46A3-8DFE-322884A634EE}.AppStore|Any CPU.Deploy.0 = Release|Any CPU
		{C534174C-3873-46A3-8DFE-322884A634EE}.AppStore|ARM.ActiveCfg = Release|Any CPU
		{C534174C-3873-46A3-8DFE-322884A634EE}.AppStore|ARM.Build.0 = Release|Any CPU
		{C534174C-3873-46A3-8DFE-322884A634EE}.AppStore|ARM.Deploy.0 = Release|Any CPU
		{C534174C-3873-46A3-8DFE-322884A634EE}.AppStore|iPhone.ActiveCfg = Release|Any CPU
		{C534174C-3873-46A3-8DFE-322884A634EE}.AppStore|iPhone.Build.0 = Release|Any CPU
		{C534174C-3873-46A3-8DFE-322884A634EE}.AppStore|iPhone.Deploy.0 = Release|Any CPU
		{C534174C-3873-46A3-8DFE-322884A634EE}.AppStore|iPhoneSimulator.ActiveCfg = Release|Any CPU
		{C534174C-3873-46A3-8DFE-322884A634EE}.AppStore|iPhoneSimulator.Build.0 = Release|Any CPU
		{C534174C-3873-46A3-8DFE-322884A634EE}.AppStore|iPhoneSimulator.Deploy.0 = Release|Any CPU
		{C534174C-3873-46A3-8DFE-322884A634EE}.AppStore|x64.ActiveCfg = Release|Any CPU
		{C534174C-3873-46A3-8DFE-322884A634EE}.AppStore|x64.Build.0 = Release|Any CPU
		{C534174C-3873-46A3-8DFE-322884A634EE}.AppStore|x64.Deploy.0 = Release|Any CPU
		{C534174C-3873-46A3-8DFE-322884A634EE}.AppStore|x86.ActiveCfg = Release|Any CPU
		{C534174C-3873-46A3-8DFE-322884A634EE}.AppStore|x86.Build.0 = Release|Any CPU
		{C534174C-3873-46A3-8DFE-322884A634EE}.AppStore|x86.Deploy.0 = Release|Any CPU
		{C534174C-3873-46A3-8DFE-322884A634EE}.Debug|Any CPU.ActiveCfg = Debug|Any CPU
		{C534174C-3873-46A3-8DFE-322884A634EE}.Debug|Any CPU.Build.0 = Debug|Any CPU
		{C534174C-3873-46A3-8DFE-322884A634EE}.Debug|Any CPU.Deploy.0 = Debug|Any CPU
		{C534174C-3873-46A3-8DFE-322884A634EE}.Debug|ARM.ActiveCfg = Debug|Any CPU
		{C534174C-3873-46A3-8DFE-322884A634EE}.Debug|ARM.Build.0 = Debug|Any CPU
		{C534174C-3873-46A3-8DFE-322884A634EE}.Debug|ARM.Deploy.0 = Debug|Any CPU
		{C534174C-3873-46A3-8DFE-322884A634EE}.Debug|iPhone.ActiveCfg = Debug|Any CPU
		{C534174C-3873-46A3-8DFE-322884A634EE}.Debug|iPhone.Build.0 = Debug|Any CPU
		{C534174C-3873-46A3-8DFE-322884A634EE}.Debug|iPhone.Deploy.0 = Debug|Any CPU
		{C534174C-3873-46A3-8DFE-322884A634EE}.Debug|iPhoneSimulator.ActiveCfg = Debug|Any CPU
		{C534174C-3873-46A3-8DFE-322884A634EE}.Debug|iPhoneSimulator.Build.0 = Debug|Any CPU
		{C534174C-3873-46A3-8DFE-322884A634EE}.Debug|iPhoneSimulator.Deploy.0 = Debug|Any CPU
		{C534174C-3873-46A3-8DFE-322884A634EE}.Debug|x64.ActiveCfg = Debug|Any CPU
		{C534174C-3873-46A3-8DFE-322884A634EE}.Debug|x64.Build.0 = Debug|Any CPU
		{C534174C-3873-46A3-8DFE-322884A634EE}.Debug|x64.Deploy.0 = Debug|Any CPU
		{C534174C-3873-46A3-8DFE-322884A634EE}.Debug|x86.ActiveCfg = Debug|Any CPU
		{C534174C-3873-46A3-8DFE-322884A634EE}.Debug|x86.Build.0 = Debug|Any CPU
		{C534174C-3873-46A3-8DFE-322884A634EE}.Debug|x86.Deploy.0 = Debug|Any CPU
		{C534174C-3873-46A3-8DFE-322884A634EE}.Debug2|Any CPU.ActiveCfg = Debug2|Any CPU
		{C534174C-3873-46A3-8DFE-322884A634EE}.Debug2|Any CPU.Build.0 = Debug2|Any CPU
		{C534174C-3873-46A3-8DFE-322884A634EE}.Debug2|Any CPU.Deploy.0 = Debug2|Any CPU
		{C534174C-3873-46A3-8DFE-322884A634EE}.Debug2|ARM.ActiveCfg = Debug2|Any CPU
		{C534174C-3873-46A3-8DFE-322884A634EE}.Debug2|ARM.Build.0 = Debug2|Any CPU
		{C534174C-3873-46A3-8DFE-322884A634EE}.Debug2|ARM.Deploy.0 = Debug2|Any CPU
		{C534174C-3873-46A3-8DFE-322884A634EE}.Debug2|iPhone.ActiveCfg = Debug2|Any CPU
		{C534174C-3873-46A3-8DFE-322884A634EE}.Debug2|iPhone.Build.0 = Debug2|Any CPU
		{C534174C-3873-46A3-8DFE-322884A634EE}.Debug2|iPhone.Deploy.0 = Debug2|Any CPU
		{C534174C-3873-46A3-8DFE-322884A634EE}.Debug2|iPhoneSimulator.ActiveCfg = Debug2|Any CPU
		{C534174C-3873-46A3-8DFE-322884A634EE}.Debug2|iPhoneSimulator.Build.0 = Debug2|Any CPU
		{C534174C-3873-46A3-8DFE-322884A634EE}.Debug2|iPhoneSimulator.Deploy.0 = Debug2|Any CPU
		{C534174C-3873-46A3-8DFE-322884A634EE}.Debug2|x64.ActiveCfg = Debug2|Any CPU
		{C534174C-3873-46A3-8DFE-322884A634EE}.Debug2|x64.Build.0 = Debug2|Any CPU
		{C534174C-3873-46A3-8DFE-322884A634EE}.Debug2|x64.Deploy.0 = Debug2|Any CPU
		{C534174C-3873-46A3-8DFE-322884A634EE}.Debug2|x86.ActiveCfg = Debug2|Any CPU
		{C534174C-3873-46A3-8DFE-322884A634EE}.Debug2|x86.Build.0 = Debug2|Any CPU
		{C534174C-3873-46A3-8DFE-322884A634EE}.Debug2|x86.Deploy.0 = Debug2|Any CPU
		{C534174C-3873-46A3-8DFE-322884A634EE}.Release|Any CPU.ActiveCfg = Release|Any CPU
		{C534174C-3873-46A3-8DFE-322884A634EE}.Release|Any CPU.Build.0 = Release|Any CPU
		{C534174C-3873-46A3-8DFE-322884A634EE}.Release|Any CPU.Deploy.0 = Release|Any CPU
		{C534174C-3873-46A3-8DFE-322884A634EE}.Release|ARM.ActiveCfg = Release|Any CPU
		{C534174C-3873-46A3-8DFE-322884A634EE}.Release|ARM.Build.0 = Release|Any CPU
		{C534174C-3873-46A3-8DFE-322884A634EE}.Release|ARM.Deploy.0 = Release|Any CPU
		{C534174C-3873-46A3-8DFE-322884A634EE}.Release|iPhone.ActiveCfg = Release|Any CPU
		{C534174C-3873-46A3-8DFE-322884A634EE}.Release|iPhone.Build.0 = Release|Any CPU
		{C534174C-3873-46A3-8DFE-322884A634EE}.Release|iPhone.Deploy.0 = Release|Any CPU
		{C534174C-3873-46A3-8DFE-322884A634EE}.Release|iPhoneSimulator.ActiveCfg = Release|Any CPU
		{C534174C-3873-46A3-8DFE-322884A634EE}.Release|iPhoneSimulator.Build.0 = Release|Any CPU
		{C534174C-3873-46A3-8DFE-322884A634EE}.Release|iPhoneSimulator.Deploy.0 = Release|Any CPU
		{C534174C-3873-46A3-8DFE-322884A634EE}.Release|x64.ActiveCfg = Release|Any CPU
		{C534174C-3873-46A3-8DFE-322884A634EE}.Release|x64.Build.0 = Release|Any CPU
		{C534174C-3873-46A3-8DFE-322884A634EE}.Release|x64.Deploy.0 = Release|Any CPU
		{C534174C-3873-46A3-8DFE-322884A634EE}.Release|x86.ActiveCfg = Release|Any CPU
		{C534174C-3873-46A3-8DFE-322884A634EE}.Release|x86.Build.0 = Release|Any CPU
		{C534174C-3873-46A3-8DFE-322884A634EE}.Release|x86.Deploy.0 = Release|Any CPU
		{6C4978CE-B771-4308-849D-E342141F119C}.Ad-Hoc|Any CPU.ActiveCfg = Release|Any CPU
		{6C4978CE-B771-4308-849D-E342141F119C}.Ad-Hoc|Any CPU.Build.0 = Release|Any CPU
		{6C4978CE-B771-4308-849D-E342141F119C}.Ad-Hoc|ARM.ActiveCfg = Release|Any CPU
		{6C4978CE-B771-4308-849D-E342141F119C}.Ad-Hoc|ARM.Build.0 = Release|Any CPU
		{6C4978CE-B771-4308-849D-E342141F119C}.Ad-Hoc|iPhone.ActiveCfg = Release|Any CPU
		{6C4978CE-B771-4308-849D-E342141F119C}.Ad-Hoc|iPhone.Build.0 = Release|Any CPU
		{6C4978CE-B771-4308-849D-E342141F119C}.Ad-Hoc|iPhoneSimulator.ActiveCfg = Release|Any CPU
		{6C4978CE-B771-4308-849D-E342141F119C}.Ad-Hoc|iPhoneSimulator.Build.0 = Release|Any CPU
		{6C4978CE-B771-4308-849D-E342141F119C}.Ad-Hoc|x64.ActiveCfg = Release|Any CPU
		{6C4978CE-B771-4308-849D-E342141F119C}.Ad-Hoc|x64.Build.0 = Release|Any CPU
		{6C4978CE-B771-4308-849D-E342141F119C}.Ad-Hoc|x86.ActiveCfg = Release|Any CPU
		{6C4978CE-B771-4308-849D-E342141F119C}.Ad-Hoc|x86.Build.0 = Release|Any CPU
		{6C4978CE-B771-4308-849D-E342141F119C}.AppStore|Any CPU.ActiveCfg = Release|Any CPU
		{6C4978CE-B771-4308-849D-E342141F119C}.AppStore|Any CPU.Build.0 = Release|Any CPU
		{6C4978CE-B771-4308-849D-E342141F119C}.AppStore|ARM.ActiveCfg = Release|Any CPU
		{6C4978CE-B771-4308-849D-E342141F119C}.AppStore|ARM.Build.0 = Release|Any CPU
		{6C4978CE-B771-4308-849D-E342141F119C}.AppStore|iPhone.ActiveCfg = Release|Any CPU
		{6C4978CE-B771-4308-849D-E342141F119C}.AppStore|iPhone.Build.0 = Release|Any CPU
		{6C4978CE-B771-4308-849D-E342141F119C}.AppStore|iPhoneSimulator.ActiveCfg = Release|Any CPU
		{6C4978CE-B771-4308-849D-E342141F119C}.AppStore|iPhoneSimulator.Build.0 = Release|Any CPU
		{6C4978CE-B771-4308-849D-E342141F119C}.AppStore|x64.ActiveCfg = Release|Any CPU
		{6C4978CE-B771-4308-849D-E342141F119C}.AppStore|x64.Build.0 = Release|Any CPU
		{6C4978CE-B771-4308-849D-E342141F119C}.AppStore|x86.ActiveCfg = Release|Any CPU
		{6C4978CE-B771-4308-849D-E342141F119C}.AppStore|x86.Build.0 = Release|Any CPU
		{6C4978CE-B771-4308-849D-E342141F119C}.Debug|Any CPU.ActiveCfg = Debug|Any CPU
		{6C4978CE-B771-4308-849D-E342141F119C}.Debug|Any CPU.Build.0 = Debug|Any CPU
		{6C4978CE-B771-4308-849D-E342141F119C}.Debug|ARM.ActiveCfg = Debug|Any CPU
		{6C4978CE-B771-4308-849D-E342141F119C}.Debug|ARM.Build.0 = Debug|Any CPU
		{6C4978CE-B771-4308-849D-E342141F119C}.Debug|iPhone.ActiveCfg = Debug|Any CPU
		{6C4978CE-B771-4308-849D-E342141F119C}.Debug|iPhone.Build.0 = Debug|Any CPU
		{6C4978CE-B771-4308-849D-E342141F119C}.Debug|iPhoneSimulator.ActiveCfg = Debug|Any CPU
		{6C4978CE-B771-4308-849D-E342141F119C}.Debug|iPhoneSimulator.Build.0 = Debug|Any CPU
		{6C4978CE-B771-4308-849D-E342141F119C}.Debug|x64.ActiveCfg = Debug|Any CPU
		{6C4978CE-B771-4308-849D-E342141F119C}.Debug|x64.Build.0 = Debug|Any CPU
		{6C4978CE-B771-4308-849D-E342141F119C}.Debug|x86.ActiveCfg = Debug|Any CPU
		{6C4978CE-B771-4308-849D-E342141F119C}.Debug|x86.Build.0 = Debug|Any CPU
		{6C4978CE-B771-4308-849D-E342141F119C}.Debug2|Any CPU.ActiveCfg = Debug2|Any CPU
		{6C4978CE-B771-4308-849D-E342141F119C}.Debug2|Any CPU.Build.0 = Debug2|Any CPU
		{6C4978CE-B771-4308-849D-E342141F119C}.Debug2|ARM.ActiveCfg = Debug2|Any CPU
		{6C4978CE-B771-4308-849D-E342141F119C}.Debug2|ARM.Build.0 = Debug2|Any CPU
		{6C4978CE-B771-4308-849D-E342141F119C}.Debug2|iPhone.ActiveCfg = Debug2|Any CPU
		{6C4978CE-B771-4308-849D-E342141F119C}.Debug2|iPhone.Build.0 = Debug2|Any CPU
		{6C4978CE-B771-4308-849D-E342141F119C}.Debug2|iPhoneSimulator.ActiveCfg = Debug2|Any CPU
		{6C4978CE-B771-4308-849D-E342141F119C}.Debug2|iPhoneSimulator.Build.0 = Debug2|Any CPU
		{6C4978CE-B771-4308-849D-E342141F119C}.Debug2|x64.ActiveCfg = Debug2|Any CPU
		{6C4978CE-B771-4308-849D-E342141F119C}.Debug2|x64.Build.0 = Debug2|Any CPU
		{6C4978CE-B771-4308-849D-E342141F119C}.Debug2|x86.ActiveCfg = Debug2|Any CPU
		{6C4978CE-B771-4308-849D-E342141F119C}.Debug2|x86.Build.0 = Debug2|Any CPU
		{6C4978CE-B771-4308-849D-E342141F119C}.Release|Any CPU.ActiveCfg = Release|Any CPU
		{6C4978CE-B771-4308-849D-E342141F119C}.Release|Any CPU.Build.0 = Release|Any CPU
		{6C4978CE-B771-4308-849D-E342141F119C}.Release|ARM.ActiveCfg = Release|Any CPU
		{6C4978CE-B771-4308-849D-E342141F119C}.Release|ARM.Build.0 = Release|Any CPU
		{6C4978CE-B771-4308-849D-E342141F119C}.Release|iPhone.ActiveCfg = Release|Any CPU
		{6C4978CE-B771-4308-849D-E342141F119C}.Release|iPhone.Build.0 = Release|Any CPU
		{6C4978CE-B771-4308-849D-E342141F119C}.Release|iPhoneSimulator.ActiveCfg = Release|Any CPU
		{6C4978CE-B771-4308-849D-E342141F119C}.Release|iPhoneSimulator.Build.0 = Release|Any CPU
		{6C4978CE-B771-4308-849D-E342141F119C}.Release|x64.ActiveCfg = Release|Any CPU
		{6C4978CE-B771-4308-849D-E342141F119C}.Release|x64.Build.0 = Release|Any CPU
		{6C4978CE-B771-4308-849D-E342141F119C}.Release|x86.ActiveCfg = Release|Any CPU
		{6C4978CE-B771-4308-849D-E342141F119C}.Release|x86.Build.0 = Release|Any CPU
		{77D5076C-A12D-4589-A6E9-D784DFCAF0E4}.Ad-Hoc|Any CPU.ActiveCfg = Release|x86
		{77D5076C-A12D-4589-A6E9-D784DFCAF0E4}.Ad-Hoc|Any CPU.Build.0 = Release|x86
		{77D5076C-A12D-4589-A6E9-D784DFCAF0E4}.Ad-Hoc|Any CPU.Deploy.0 = Release|x86
		{77D5076C-A12D-4589-A6E9-D784DFCAF0E4}.Ad-Hoc|ARM.ActiveCfg = Release|ARM
		{77D5076C-A12D-4589-A6E9-D784DFCAF0E4}.Ad-Hoc|ARM.Build.0 = Release|ARM
		{77D5076C-A12D-4589-A6E9-D784DFCAF0E4}.Ad-Hoc|ARM.Deploy.0 = Release|ARM
		{77D5076C-A12D-4589-A6E9-D784DFCAF0E4}.Ad-Hoc|iPhone.ActiveCfg = Release|x86
		{77D5076C-A12D-4589-A6E9-D784DFCAF0E4}.Ad-Hoc|iPhone.Build.0 = Release|x86
		{77D5076C-A12D-4589-A6E9-D784DFCAF0E4}.Ad-Hoc|iPhone.Deploy.0 = Release|x86
		{77D5076C-A12D-4589-A6E9-D784DFCAF0E4}.Ad-Hoc|iPhoneSimulator.ActiveCfg = Release|x86
		{77D5076C-A12D-4589-A6E9-D784DFCAF0E4}.Ad-Hoc|iPhoneSimulator.Build.0 = Release|x86
		{77D5076C-A12D-4589-A6E9-D784DFCAF0E4}.Ad-Hoc|iPhoneSimulator.Deploy.0 = Release|x86
		{77D5076C-A12D-4589-A6E9-D784DFCAF0E4}.Ad-Hoc|x64.ActiveCfg = Release|x64
		{77D5076C-A12D-4589-A6E9-D784DFCAF0E4}.Ad-Hoc|x64.Build.0 = Release|x64
		{77D5076C-A12D-4589-A6E9-D784DFCAF0E4}.Ad-Hoc|x64.Deploy.0 = Release|x64
		{77D5076C-A12D-4589-A6E9-D784DFCAF0E4}.Ad-Hoc|x86.ActiveCfg = Release|x86
		{77D5076C-A12D-4589-A6E9-D784DFCAF0E4}.Ad-Hoc|x86.Build.0 = Release|x86
		{77D5076C-A12D-4589-A6E9-D784DFCAF0E4}.Ad-Hoc|x86.Deploy.0 = Release|x86
		{77D5076C-A12D-4589-A6E9-D784DFCAF0E4}.AppStore|Any CPU.ActiveCfg = Release|x86
		{77D5076C-A12D-4589-A6E9-D784DFCAF0E4}.AppStore|Any CPU.Build.0 = Release|x86
		{77D5076C-A12D-4589-A6E9-D784DFCAF0E4}.AppStore|Any CPU.Deploy.0 = Release|x86
		{77D5076C-A12D-4589-A6E9-D784DFCAF0E4}.AppStore|ARM.ActiveCfg = Release|ARM
		{77D5076C-A12D-4589-A6E9-D784DFCAF0E4}.AppStore|ARM.Build.0 = Release|ARM
		{77D5076C-A12D-4589-A6E9-D784DFCAF0E4}.AppStore|ARM.Deploy.0 = Release|ARM
		{77D5076C-A12D-4589-A6E9-D784DFCAF0E4}.AppStore|iPhone.ActiveCfg = Release|x86
		{77D5076C-A12D-4589-A6E9-D784DFCAF0E4}.AppStore|iPhone.Build.0 = Release|x86
		{77D5076C-A12D-4589-A6E9-D784DFCAF0E4}.AppStore|iPhone.Deploy.0 = Release|x86
		{77D5076C-A12D-4589-A6E9-D784DFCAF0E4}.AppStore|iPhoneSimulator.ActiveCfg = Release|x86
		{77D5076C-A12D-4589-A6E9-D784DFCAF0E4}.AppStore|iPhoneSimulator.Build.0 = Release|x86
		{77D5076C-A12D-4589-A6E9-D784DFCAF0E4}.AppStore|iPhoneSimulator.Deploy.0 = Release|x86
		{77D5076C-A12D-4589-A6E9-D784DFCAF0E4}.AppStore|x64.ActiveCfg = Release|x64
		{77D5076C-A12D-4589-A6E9-D784DFCAF0E4}.AppStore|x64.Build.0 = Release|x64
		{77D5076C-A12D-4589-A6E9-D784DFCAF0E4}.AppStore|x64.Deploy.0 = Release|x64
		{77D5076C-A12D-4589-A6E9-D784DFCAF0E4}.AppStore|x86.ActiveCfg = Release|x86
		{77D5076C-A12D-4589-A6E9-D784DFCAF0E4}.AppStore|x86.Build.0 = Release|x86
		{77D5076C-A12D-4589-A6E9-D784DFCAF0E4}.AppStore|x86.Deploy.0 = Release|x86
		{77D5076C-A12D-4589-A6E9-D784DFCAF0E4}.Debug|Any CPU.ActiveCfg = Debug|x86
		{77D5076C-A12D-4589-A6E9-D784DFCAF0E4}.Debug|ARM.ActiveCfg = Debug|ARM
		{77D5076C-A12D-4589-A6E9-D784DFCAF0E4}.Debug|ARM.Build.0 = Debug|ARM
		{77D5076C-A12D-4589-A6E9-D784DFCAF0E4}.Debug|ARM.Deploy.0 = Debug|ARM
		{77D5076C-A12D-4589-A6E9-D784DFCAF0E4}.Debug|iPhone.ActiveCfg = Debug|x86
		{77D5076C-A12D-4589-A6E9-D784DFCAF0E4}.Debug|iPhoneSimulator.ActiveCfg = Debug|x86
		{77D5076C-A12D-4589-A6E9-D784DFCAF0E4}.Debug|x64.ActiveCfg = Debug|x64
		{77D5076C-A12D-4589-A6E9-D784DFCAF0E4}.Debug|x64.Build.0 = Debug|x64
		{77D5076C-A12D-4589-A6E9-D784DFCAF0E4}.Debug|x64.Deploy.0 = Debug|x64
		{77D5076C-A12D-4589-A6E9-D784DFCAF0E4}.Debug|x86.ActiveCfg = Debug|x86
		{77D5076C-A12D-4589-A6E9-D784DFCAF0E4}.Debug|x86.Build.0 = Debug|x86
		{77D5076C-A12D-4589-A6E9-D784DFCAF0E4}.Debug|x86.Deploy.0 = Debug|x86
		{77D5076C-A12D-4589-A6E9-D784DFCAF0E4}.Debug2|Any CPU.ActiveCfg = Debug2|x86
		{77D5076C-A12D-4589-A6E9-D784DFCAF0E4}.Debug2|ARM.ActiveCfg = Debug2|ARM
		{77D5076C-A12D-4589-A6E9-D784DFCAF0E4}.Debug2|ARM.Build.0 = Debug2|ARM
		{77D5076C-A12D-4589-A6E9-D784DFCAF0E4}.Debug2|ARM.Deploy.0 = Debug2|ARM
		{77D5076C-A12D-4589-A6E9-D784DFCAF0E4}.Debug2|iPhone.ActiveCfg = Debug2|x86
		{77D5076C-A12D-4589-A6E9-D784DFCAF0E4}.Debug2|iPhoneSimulator.ActiveCfg = Debug2|x86
		{77D5076C-A12D-4589-A6E9-D784DFCAF0E4}.Debug2|x64.ActiveCfg = Debug2|x64
		{77D5076C-A12D-4589-A6E9-D784DFCAF0E4}.Debug2|x64.Build.0 = Debug2|x64
		{77D5076C-A12D-4589-A6E9-D784DFCAF0E4}.Debug2|x64.Deploy.0 = Debug2|x64
		{77D5076C-A12D-4589-A6E9-D784DFCAF0E4}.Debug2|x86.ActiveCfg = Debug2|x86
		{77D5076C-A12D-4589-A6E9-D784DFCAF0E4}.Debug2|x86.Build.0 = Debug2|x86
		{77D5076C-A12D-4589-A6E9-D784DFCAF0E4}.Debug2|x86.Deploy.0 = Debug2|x86
		{77D5076C-A12D-4589-A6E9-D784DFCAF0E4}.Release|Any CPU.ActiveCfg = Release|x86
		{77D5076C-A12D-4589-A6E9-D784DFCAF0E4}.Release|ARM.ActiveCfg = Release|ARM
		{77D5076C-A12D-4589-A6E9-D784DFCAF0E4}.Release|ARM.Build.0 = Release|ARM
		{77D5076C-A12D-4589-A6E9-D784DFCAF0E4}.Release|ARM.Deploy.0 = Release|ARM
		{77D5076C-A12D-4589-A6E9-D784DFCAF0E4}.Release|iPhone.ActiveCfg = Release|x86
		{77D5076C-A12D-4589-A6E9-D784DFCAF0E4}.Release|iPhoneSimulator.ActiveCfg = Release|x86
		{77D5076C-A12D-4589-A6E9-D784DFCAF0E4}.Release|x64.ActiveCfg = Release|x64
		{77D5076C-A12D-4589-A6E9-D784DFCAF0E4}.Release|x64.Build.0 = Release|x64
		{77D5076C-A12D-4589-A6E9-D784DFCAF0E4}.Release|x64.Deploy.0 = Release|x64
		{77D5076C-A12D-4589-A6E9-D784DFCAF0E4}.Release|x86.ActiveCfg = Release|x86
		{77D5076C-A12D-4589-A6E9-D784DFCAF0E4}.Release|x86.Build.0 = Release|x86
		{77D5076C-A12D-4589-A6E9-D784DFCAF0E4}.Release|x86.Deploy.0 = Release|x86
		{899A7E88-7CE8-4C99-97DC-19FD796F2305}.Ad-Hoc|Any CPU.ActiveCfg = Ad-Hoc|iPhone
		{899A7E88-7CE8-4C99-97DC-19FD796F2305}.Ad-Hoc|ARM.ActiveCfg = Ad-Hoc|iPhone
		{899A7E88-7CE8-4C99-97DC-19FD796F2305}.Ad-Hoc|iPhone.ActiveCfg = Ad-Hoc|iPhone
		{899A7E88-7CE8-4C99-97DC-19FD796F2305}.Ad-Hoc|iPhone.Build.0 = Ad-Hoc|iPhone
		{899A7E88-7CE8-4C99-97DC-19FD796F2305}.Ad-Hoc|iPhoneSimulator.ActiveCfg = Ad-Hoc|iPhoneSimulator
		{899A7E88-7CE8-4C99-97DC-19FD796F2305}.Ad-Hoc|iPhoneSimulator.Build.0 = Ad-Hoc|iPhoneSimulator
		{899A7E88-7CE8-4C99-97DC-19FD796F2305}.Ad-Hoc|x64.ActiveCfg = Ad-Hoc|iPhone
		{899A7E88-7CE8-4C99-97DC-19FD796F2305}.Ad-Hoc|x86.ActiveCfg = Ad-Hoc|iPhone
		{899A7E88-7CE8-4C99-97DC-19FD796F2305}.AppStore|Any CPU.ActiveCfg = AppStore|iPhone
		{899A7E88-7CE8-4C99-97DC-19FD796F2305}.AppStore|ARM.ActiveCfg = AppStore|iPhone
		{899A7E88-7CE8-4C99-97DC-19FD796F2305}.AppStore|iPhone.ActiveCfg = AppStore|iPhone
		{899A7E88-7CE8-4C99-97DC-19FD796F2305}.AppStore|iPhone.Build.0 = AppStore|iPhone
		{899A7E88-7CE8-4C99-97DC-19FD796F2305}.AppStore|iPhoneSimulator.ActiveCfg = AppStore|iPhoneSimulator
		{899A7E88-7CE8-4C99-97DC-19FD796F2305}.AppStore|iPhoneSimulator.Build.0 = AppStore|iPhoneSimulator
		{899A7E88-7CE8-4C99-97DC-19FD796F2305}.AppStore|x64.ActiveCfg = AppStore|iPhone
		{899A7E88-7CE8-4C99-97DC-19FD796F2305}.AppStore|x86.ActiveCfg = AppStore|iPhone
		{899A7E88-7CE8-4C99-97DC-19FD796F2305}.Debug|Any CPU.ActiveCfg = Debug|iPhone
		{899A7E88-7CE8-4C99-97DC-19FD796F2305}.Debug|ARM.ActiveCfg = Debug|iPhone
		{899A7E88-7CE8-4C99-97DC-19FD796F2305}.Debug|iPhone.ActiveCfg = Debug|iPhone
		{899A7E88-7CE8-4C99-97DC-19FD796F2305}.Debug|iPhone.Build.0 = Debug|iPhone
		{899A7E88-7CE8-4C99-97DC-19FD796F2305}.Debug|iPhoneSimulator.ActiveCfg = Debug|iPhoneSimulator
		{899A7E88-7CE8-4C99-97DC-19FD796F2305}.Debug|iPhoneSimulator.Build.0 = Debug|iPhoneSimulator
		{899A7E88-7CE8-4C99-97DC-19FD796F2305}.Debug|x64.ActiveCfg = Debug|iPhone
		{899A7E88-7CE8-4C99-97DC-19FD796F2305}.Debug|x86.ActiveCfg = Debug|iPhone
		{899A7E88-7CE8-4C99-97DC-19FD796F2305}.Debug2|Any CPU.ActiveCfg = Debug2|iPhone
		{899A7E88-7CE8-4C99-97DC-19FD796F2305}.Debug2|ARM.ActiveCfg = Debug2|iPhone
		{899A7E88-7CE8-4C99-97DC-19FD796F2305}.Debug2|iPhone.ActiveCfg = Debug2|iPhone
		{899A7E88-7CE8-4C99-97DC-19FD796F2305}.Debug2|iPhoneSimulator.ActiveCfg = Debug2|iPhoneSimulator
		{899A7E88-7CE8-4C99-97DC-19FD796F2305}.Debug2|x64.ActiveCfg = Debug2|iPhone
		{899A7E88-7CE8-4C99-97DC-19FD796F2305}.Debug2|x86.ActiveCfg = Debug2|iPhone
		{899A7E88-7CE8-4C99-97DC-19FD796F2305}.Release|Any CPU.ActiveCfg = Release|iPhone
		{899A7E88-7CE8-4C99-97DC-19FD796F2305}.Release|ARM.ActiveCfg = Release|iPhone
		{899A7E88-7CE8-4C99-97DC-19FD796F2305}.Release|iPhone.ActiveCfg = Release|iPhone
		{899A7E88-7CE8-4C99-97DC-19FD796F2305}.Release|iPhone.Build.0 = Release|iPhone
		{899A7E88-7CE8-4C99-97DC-19FD796F2305}.Release|iPhoneSimulator.ActiveCfg = Release|iPhoneSimulator
		{899A7E88-7CE8-4C99-97DC-19FD796F2305}.Release|iPhoneSimulator.Build.0 = Release|iPhoneSimulator
		{899A7E88-7CE8-4C99-97DC-19FD796F2305}.Release|x64.ActiveCfg = Release|iPhone
		{899A7E88-7CE8-4C99-97DC-19FD796F2305}.Release|x86.ActiveCfg = Release|iPhone
	EndGlobalSection
	GlobalSection(SolutionProperties) = preSolution
		HideSolutionNode = FALSE
	EndGlobalSection
	GlobalSection(ExtensibilityGlobals) = postSolution
		SolutionGuid = {F285CF4F-FF0C-41FA-A7C9-FF1769CC0E18}
	EndGlobalSection
EndGlobal
